
Microsoft Visual Studio Solution File, Format Version 12.00
# Visual Studio Version 16
VisualStudioVersion = 16.0.31205.134
MinimumVisualStudioVersion = 10.0.40219.1
Project("{9A19103F-16F7-4668-BE54-9A1E7A4F7556}") = "Data", "Data\Data.csproj", "{07B9E353-D879-4314-9491-6385D03D48DE}"
EndProject
Project("{9A19103F-16F7-4668-BE54-9A1E7A4F7556}") = "Logic", "Logic\Logic.csproj", "{03D75FE6-8482-42B1-B857-962BECDC5449}"
	ProjectSection(ProjectDependencies) = postProject
		{07B9E353-D879-4314-9491-6385D03D48DE} = {07B9E353-D879-4314-9491-6385D03D48DE}
	EndProjectSection
EndProject
Project("{9A19103F-16F7-4668-BE54-9A1E7A4F7556}") = "ClientPresentation", "GUI\ClientPresentation.csproj", "{3B64CE46-3E8B-478E-A32A-0E6FC8152192}"
	ProjectSection(ProjectDependencies) = postProject
		{03D75FE6-8482-42B1-B857-962BECDC5449} = {03D75FE6-8482-42B1-B857-962BECDC5449}
	EndProjectSection
EndProject
Project("{9A19103F-16F7-4668-BE54-9A1E7A4F7556}") = "DataTests", "Tests\DataTests.csproj", "{5568F30A-13BF-48E6-8A30-D54CD2252B58}"
	ProjectSection(ProjectDependencies) = postProject
		{07B9E353-D879-4314-9491-6385D03D48DE} = {07B9E353-D879-4314-9491-6385D03D48DE}
		{03D75FE6-8482-42B1-B857-962BECDC5449} = {03D75FE6-8482-42B1-B857-962BECDC5449}
	EndProjectSection
EndProject
Project("{9A19103F-16F7-4668-BE54-9A1E7A4F7556}") = "LogicTests", "LogicTests\LogicTests.csproj", "{33639AB7-6C4B-4297-B02A-14576EC82BC4}"
EndProject
Project("{9A19103F-16F7-4668-BE54-9A1E7A4F7556}") = "ServerData", "ServerData\ServerData.csproj", "{680EBB2F-B18F-4609-AB1C-73C1325F81D0}"
EndProject
Project("{9A19103F-16F7-4668-BE54-9A1E7A4F7556}") = "ServerLogic", "ServerLogic\ServerLogic.csproj", "{AB039297-68EA-43F1-A866-02C25F2D33FE}"
EndProject
Project("{9A19103F-16F7-4668-BE54-9A1E7A4F7556}") = "ServerPresentation", "ServerPresentation\ServerPresentation.csproj", "{AD100901-4E8A-41B1-8CFF-B27D4045AECA}"
EndProject
Project("{9A19103F-16F7-4668-BE54-9A1E7A4F7556}") = "ClientLogic", "ClientLogic\ClientLogic.csproj", "{E0BF4623-E62F-4F88-83FC-3448808C7F22}"
EndProject
Project("{9A19103F-16F7-4668-BE54-9A1E7A4F7556}") = "ClientData", "ClientData\ClientData.csproj", "{5FD9EC8E-4DBB-426C-89C5-AF207EFCF8C7}"
EndProject
Project("{FAE04EC0-301F-11D3-BF4B-00C04F79EFBC}") = "CommonModel", "CommonModel\CommonModel.csproj", "{08C01E1C-64EA-445D-B36E-5DC868B8658C}"
EndProject
Global
	GlobalSection(SolutionConfigurationPlatforms) = preSolution
		Debug|Any CPU = Debug|Any CPU
		Release|Any CPU = Release|Any CPU
	EndGlobalSection
	GlobalSection(ProjectConfigurationPlatforms) = postSolution
		{07B9E353-D879-4314-9491-6385D03D48DE}.Debug|Any CPU.ActiveCfg = Debug|Any CPU
		{07B9E353-D879-4314-9491-6385D03D48DE}.Debug|Any CPU.Build.0 = Debug|Any CPU
		{07B9E353-D879-4314-9491-6385D03D48DE}.Release|Any CPU.ActiveCfg = Release|Any CPU
		{07B9E353-D879-4314-9491-6385D03D48DE}.Release|Any CPU.Build.0 = Release|Any CPU
		{03D75FE6-8482-42B1-B857-962BECDC5449}.Debug|Any CPU.ActiveCfg = Debug|Any CPU
		{03D75FE6-8482-42B1-B857-962BECDC5449}.Debug|Any CPU.Build.0 = Debug|Any CPU
		{03D75FE6-8482-42B1-B857-962BECDC5449}.Release|Any CPU.ActiveCfg = Release|Any CPU
		{03D75FE6-8482-42B1-B857-962BECDC5449}.Release|Any CPU.Build.0 = Release|Any CPU
		{3B64CE46-3E8B-478E-A32A-0E6FC8152192}.Debug|Any CPU.ActiveCfg = Debug|Any CPU
		{3B64CE46-3E8B-478E-A32A-0E6FC8152192}.Debug|Any CPU.Build.0 = Debug|Any CPU
		{3B64CE46-3E8B-478E-A32A-0E6FC8152192}.Release|Any CPU.ActiveCfg = Release|Any CPU
		{3B64CE46-3E8B-478E-A32A-0E6FC8152192}.Release|Any CPU.Build.0 = Release|Any CPU
		{5568F30A-13BF-48E6-8A30-D54CD2252B58}.Debug|Any CPU.ActiveCfg = Debug|Any CPU
		{5568F30A-13BF-48E6-8A30-D54CD2252B58}.Debug|Any CPU.Build.0 = Debug|Any CPU
		{5568F30A-13BF-48E6-8A30-D54CD2252B58}.Release|Any CPU.ActiveCfg = Release|Any CPU
		{5568F30A-13BF-48E6-8A30-D54CD2252B58}.Release|Any CPU.Build.0 = Release|Any CPU
		{33639AB7-6C4B-4297-B02A-14576EC82BC4}.Debug|Any CPU.ActiveCfg = Debug|Any CPU
		{33639AB7-6C4B-4297-B02A-14576EC82BC4}.Debug|Any CPU.Build.0 = Debug|Any CPU
		{33639AB7-6C4B-4297-B02A-14576EC82BC4}.Release|Any CPU.ActiveCfg = Release|Any CPU
		{33639AB7-6C4B-4297-B02A-14576EC82BC4}.Release|Any CPU.Build.0 = Release|Any CPU
		{680EBB2F-B18F-4609-AB1C-73C1325F81D0}.Debug|Any CPU.ActiveCfg = Debug|Any CPU
		{680EBB2F-B18F-4609-AB1C-73C1325F81D0}.Debug|Any CPU.Build.0 = Debug|Any CPU
		{680EBB2F-B18F-4609-AB1C-73C1325F81D0}.Release|Any CPU.ActiveCfg = Release|Any CPU
		{680EBB2F-B18F-4609-AB1C-73C1325F81D0}.Release|Any CPU.Build.0 = Release|Any CPU
		{AB039297-68EA-43F1-A866-02C25F2D33FE}.Debug|Any CPU.ActiveCfg = Debug|Any CPU
		{AB039297-68EA-43F1-A866-02C25F2D33FE}.Debug|Any CPU.Build.0 = Debug|Any CPU
		{AB039297-68EA-43F1-A866-02C25F2D33FE}.Release|Any CPU.ActiveCfg = Release|Any CPU
		{AB039297-68EA-43F1-A866-02C25F2D33FE}.Release|Any CPU.Build.0 = Release|Any CPU
		{AD100901-4E8A-41B1-8CFF-B27D4045AECA}.Debug|Any CPU.ActiveCfg = Debug|Any CPU
		{AD100901-4E8A-41B1-8CFF-B27D4045AECA}.Debug|Any CPU.Build.0 = Debug|Any CPU
		{AD100901-4E8A-41B1-8CFF-B27D4045AECA}.Release|Any CPU.ActiveCfg = Release|Any CPU
		{AD100901-4E8A-41B1-8CFF-B27D4045AECA}.Release|Any CPU.Build.0 = Release|Any CPU
		{E0BF4623-E62F-4F88-83FC-3448808C7F22}.Debug|Any CPU.ActiveCfg = Debug|Any CPU
		{E0BF4623-E62F-4F88-83FC-3448808C7F22}.Debug|Any CPU.Build.0 = Debug|Any CPU
		{E0BF4623-E62F-4F88-83FC-3448808C7F22}.Release|Any CPU.ActiveCfg = Release|Any CPU
		{E0BF4623-E62F-4F88-83FC-3448808C7F22}.Release|Any CPU.Build.0 = Release|Any CPU
		{5FD9EC8E-4DBB-426C-89C5-AF207EFCF8C7}.Debug|Any CPU.ActiveCfg = Debug|Any CPU
		{5FD9EC8E-4DBB-426C-89C5-AF207EFCF8C7}.Debug|Any CPU.Build.0 = Debug|Any CPU
		{5FD9EC8E-4DBB-426C-89C5-AF207EFCF8C7}.Release|Any CPU.ActiveCfg = Release|Any CPU
		{5FD9EC8E-4DBB-426C-89C5-AF207EFCF8C7}.Release|Any CPU.Build.0 = Release|Any CPU
		{08C01E1C-64EA-445D-B36E-5DC868B8658C}.Debug|Any CPU.ActiveCfg = Debug|Any CPU
		{08C01E1C-64EA-445D-B36E-5DC868B8658C}.Debug|Any CPU.Build.0 = Debug|Any CPU
		{08C01E1C-64EA-445D-B36E-5DC868B8658C}.Release|Any CPU.ActiveCfg = Release|Any CPU
		{08C01E1C-64EA-445D-B36E-5DC868B8658C}.Release|Any CPU.Build.0 = Release|Any CPU
	EndGlobalSection
	GlobalSection(SolutionProperties) = preSolution
		HideSolutionNode = FALSE
	EndGlobalSection
	GlobalSection(ExtensibilityGlobals) = postSolution
		SolutionGuid = {0E9AA200-4B70-4CAF-96A4-5ED789ABA3A7}
	EndGlobalSection
EndGlobal
