
Microsoft Visual Studio Solution File, Format Version 12.00
# Visual Studio Version 16
VisualStudioVersion = 16.0.31105.61
MinimumVisualStudioVersion = 10.0.40219.1
Project("{FAE04EC0-301F-11D3-BF4B-00C04F79EFBC}") = "Data", "Data\Data.csproj", "{734114F1-DA7E-4082-BC13-F5F87C7E17D0}"
EndProject
Project("{FAE04EC0-301F-11D3-BF4B-00C04F79EFBC}") = "Logic", "..\Logic\Logic.csproj", "{809B71E9-D600-4DBA-9182-6824B58A0DB1}"
	ProjectSection(ProjectDependencies) = postProject
		{734114F1-DA7E-4082-BC13-F5F87C7E17D0} = {734114F1-DA7E-4082-BC13-F5F87C7E17D0}
	EndProjectSection
EndProject
Global
	GlobalSection(SolutionConfigurationPlatforms) = preSolution
		Debug|Any CPU = Debug|Any CPU
		Release|Any CPU = Release|Any CPU
	EndGlobalSection
	GlobalSection(ProjectConfigurationPlatforms) = postSolution
		{734114F1-DA7E-4082-BC13-F5F87C7E17D0}.Debug|Any CPU.ActiveCfg = Debug|Any CPU
		{734114F1-DA7E-4082-BC13-F5F87C7E17D0}.Debug|Any CPU.Build.0 = Debug|Any CPU
		{734114F1-DA7E-4082-BC13-F5F87C7E17D0}.Release|Any CPU.ActiveCfg = Release|Any CPU
		{734114F1-DA7E-4082-BC13-F5F87C7E17D0}.Release|Any CPU.Build.0 = Release|Any CPU
		{809B71E9-D600-4DBA-9182-6824B58A0DB1}.Debug|Any CPU.ActiveCfg = Debug|Any CPU
		{809B71E9-D600-4DBA-9182-6824B58A0DB1}.Debug|Any CPU.Build.0 = Debug|Any CPU
		{809B71E9-D600-4DBA-9182-6824B58A0DB1}.Release|Any CPU.ActiveCfg = Release|Any CPU
		{809B71E9-D600-4DBA-9182-6824B58A0DB1}.Release|Any CPU.Build.0 = Release|Any CPU
	EndGlobalSection
	GlobalSection(SolutionProperties) = preSolution
		HideSolutionNode = FALSE
	EndGlobalSection
	GlobalSection(ExtensibilityGlobals) = postSolution
		SolutionGuid = {11E4876F-3AEE-4277-AE6F-265994E1F7F4}
	EndGlobalSection
EndGlobal
